
Microsoft Visual Studio Solution File, Format Version 12.00
# Visual Studio Version 17
VisualStudioVersion = 17.11.35303.130
MinimumVisualStudioVersion = 10.0.40219.1
Project("{FAE04EC0-301F-11D3-BF4B-00C04F79EFBC}") = "BurzaModel", "BurzaModel\BurzaModel.csproj", "{114A4843-5ECE-4A4C-8912-AA8876C1A11B}"
EndProject
Global
	GlobalSection(SolutionConfigurationPlatforms) = preSolution
		Debug|Any CPU = Debug|Any CPU
		Release|Any CPU = Release|Any CPU
	EndGlobalSection
	GlobalSection(ProjectConfigurationPlatforms) = postSolution
		{114A4843-5ECE-4A4C-8912-AA8876C1A11B}.Debug|Any CPU.ActiveCfg = Debug|Any CPU
		{114A4843-5ECE-4A4C-8912-AA8876C1A11B}.Debug|Any CPU.Build.0 = Debug|Any CPU
		{114A4843-5ECE-4A4C-8912-AA8876C1A11B}.Release|Any CPU.ActiveCfg = Release|Any CPU
		{114A4843-5ECE-4A4C-8912-AA8876C1A11B}.Release|Any CPU.Build.0 = Release|Any CPU
	EndGlobalSection
	GlobalSection(SolutionProperties) = preSolution
		HideSolutionNode = FALSE
	EndGlobalSection
	GlobalSection(ExtensibilityGlobals) = postSolution
		SolutionGuid = {5973F6B1-3241-4CE2-9C63-97661CA207D7}
	EndGlobalSection
EndGlobal
